
Microsoft Visual Studio Solution File, Format Version 12.00
# Visual Studio 15
VisualStudioVersion = 15.0.28307.757
MinimumVisualStudioVersion = 10.0.40219.1
Project("{FAE04EC0-301F-11D3-BF4B-00C04F79EFBC}") = "Senai.Filmes.WebApi", "Senai.Filmes.WebApi\Senai.Filmes.WebApi.csproj", "{5F644DB3-A114-4695-A510-6226340BE213}"
EndProject
Global
	GlobalSection(SolutionConfigurationPlatforms) = preSolution
		Debug|Any CPU = Debug|Any CPU
		Release|Any CPU = Release|Any CPU
	EndGlobalSection
	GlobalSection(ProjectConfigurationPlatforms) = postSolution
		{5F644DB3-A114-4695-A510-6226340BE213}.Debug|Any CPU.ActiveCfg = Debug|Any CPU
		{5F644DB3-A114-4695-A510-6226340BE213}.Debug|Any CPU.Build.0 = Debug|Any CPU
		{5F644DB3-A114-4695-A510-6226340BE213}.Release|Any CPU.ActiveCfg = Release|Any CPU
		{5F644DB3-A114-4695-A510-6226340BE213}.Release|Any CPU.Build.0 = Release|Any CPU
	EndGlobalSection
	GlobalSection(SolutionProperties) = preSolution
		HideSolutionNode = FALSE
	EndGlobalSection
	GlobalSection(ExtensibilityGlobals) = postSolution
		SolutionGuid = {1BECA904-FC63-4E08-91A1-0FE91612EB3F}
	EndGlobalSection
EndGlobal
